
Microsoft Visual Studio Solution File, Format Version 12.00
# Visual Studio 2013
VisualStudioVersion = 12.0.21005.1
MinimumVisualStudioVersion = 10.0.40219.1
Project("{FAE04EC0-301F-11D3-BF4B-00C04F79EFBC}") = "CannonAttack", "CannonAttack\CannonAttack.csproj", "{4042FABA-BB88-45B3-8167-6E24602C6393}"
EndProject
Project("{FAE04EC0-301F-11D3-BF4B-00C04F79EFBC}") = "CannonAttackTest", "CannonAttackTest\CannonAttackTest.csproj", "{33CF72DE-CCEB-42D6-AACA-AAFBBEE104CB}"
EndProject
Global
	GlobalSection(TeamFoundationVersionControl) = preSolution
		SccNumberOfProjects = 3
		SccEnterpriseProvider = {4CA58AB2-18FA-4F8D-95D4-32DDF27D184C}
		SccTeamFoundationServer = http://houtfs01:8080/tfs/defaultcollection
		SccLocalPath0 = .
		SccProjectUniqueName1 = CannonAttack\\CannonAttack.csproj
		SccProjectName1 = CannonAttack
		SccLocalPath1 = CannonAttack
		SccProjectUniqueName2 = CannonAttackTest\\CannonAttackTest.csproj
		SccProjectName2 = CannonAttackTest
		SccLocalPath2 = CannonAttackTest
	EndGlobalSection
	GlobalSection(SolutionConfigurationPlatforms) = preSolution
		Debug|Any CPU = Debug|Any CPU
		Release|Any CPU = Release|Any CPU
	EndGlobalSection
	GlobalSection(ProjectConfigurationPlatforms) = postSolution
		{4042FABA-BB88-45B3-8167-6E24602C6393}.Debug|Any CPU.ActiveCfg = Debug|Any CPU
		{4042FABA-BB88-45B3-8167-6E24602C6393}.Debug|Any CPU.Build.0 = Debug|Any CPU
		{4042FABA-BB88-45B3-8167-6E24602C6393}.Release|Any CPU.ActiveCfg = Release|Any CPU
		{4042FABA-BB88-45B3-8167-6E24602C6393}.Release|Any CPU.Build.0 = Release|Any CPU
		{33CF72DE-CCEB-42D6-AACA-AAFBBEE104CB}.Debug|Any CPU.ActiveCfg = Debug|Any CPU
		{33CF72DE-CCEB-42D6-AACA-AAFBBEE104CB}.Debug|Any CPU.Build.0 = Debug|Any CPU
		{33CF72DE-CCEB-42D6-AACA-AAFBBEE104CB}.Release|Any CPU.ActiveCfg = Release|Any CPU
		{33CF72DE-CCEB-42D6-AACA-AAFBBEE104CB}.Release|Any CPU.Build.0 = Release|Any CPU
	EndGlobalSection
	GlobalSection(SolutionProperties) = preSolution
		HideSolutionNode = FALSE
	EndGlobalSection
EndGlobal
